// !$*UTF8*$!
{
	archiveVersion = 1;
	classes = {
	};
	objectVersion = 50;
	objects = {

/* Begin PBXBuildFile section */
		A52A486A2590161F0043931E /* AppDelegate.swift in Sources */ = {isa = PBXBuildFile; fileRef = A52A48692590161F0043931E /* AppDelegate.swift */; };
		A52A4873259016210043931E /* Assets.xcassets in Resources */ = {isa = PBXBuildFile; fileRef = A52A4872259016210043931E /* Assets.xcassets */; };
		A52A4876259016210043931E /* LaunchScreen.storyboard in Resources */ = {isa = PBXBuildFile; fileRef = A52A4874259016210043931E /* LaunchScreen.storyboard */; };
		A52C3AC52590176700AC5E8F /* HomeViewController.swift in Sources */ = {isa = PBXBuildFile; fileRef = A52C3AC32590176700AC5E8F /* HomeViewController.swift */; };
		A52C3AC62590176700AC5E8F /* HomeViewController.xib in Resources */ = {isa = PBXBuildFile; fileRef = A52C3AC42590176700AC5E8F /* HomeViewController.xib */; };
		A52C3AC92590177A00AC5E8F /* BaseViewController.swift in Sources */ = {isa = PBXBuildFile; fileRef = A52C3AC82590177A00AC5E8F /* BaseViewController.swift */; };
		A52C3ACE259017F600AC5E8F /* GNavigationController.swift in Sources */ = {isa = PBXBuildFile; fileRef = A52C3ACD259017F600AC5E8F /* GNavigationController.swift */; };
		A52C3AD3259018C300AC5E8F /* AppColors.swift in Sources */ = {isa = PBXBuildFile; fileRef = A52C3AD2259018C300AC5E8F /* AppColors.swift */; };
		A52C3ADC25901D7700AC5E8F /* CellProtocol.swift in Sources */ = {isa = PBXBuildFile; fileRef = A52C3ADB25901D7700AC5E8F /* CellProtocol.swift */; };
		A52C3ADF25901D8700AC5E8F /* CellViewModelProtocol.swift in Sources */ = {isa = PBXBuildFile; fileRef = A52C3ADE25901D8700AC5E8F /* CellViewModelProtocol.swift */; };
		A52C3AE225901D9700AC5E8F /* TableViewDataSource.swift in Sources */ = {isa = PBXBuildFile; fileRef = A52C3AE125901D9700AC5E8F /* TableViewDataSource.swift */; };
		A52C3AE525901DA800AC5E8F /* TableViewAdapterProtocol.swift in Sources */ = {isa = PBXBuildFile; fileRef = A52C3AE425901DA800AC5E8F /* TableViewAdapterProtocol.swift */; };
		A52C3AE825901DBC00AC5E8F /* TableViewAdapter.swift in Sources */ = {isa = PBXBuildFile; fileRef = A52C3AE725901DBC00AC5E8F /* TableViewAdapter.swift */; };
		A52C3AEC25901DDA00AC5E8F /* HomeViewModelProtocol.swift in Sources */ = {isa = PBXBuildFile; fileRef = A52C3AEB25901DDA00AC5E8F /* HomeViewModelProtocol.swift */; };
		A52C3AEF25901E7300AC5E8F /* HomeViewModel.swift in Sources */ = {isa = PBXBuildFile; fileRef = A52C3AEE25901E7300AC5E8F /* HomeViewModel.swift */; };
		A52C3AF325901F2900AC5E8F /* Dialogs.swift in Sources */ = {isa = PBXBuildFile; fileRef = A52C3AF225901F2900AC5E8F /* Dialogs.swift */; };
		A52C3AF72590201A00AC5E8F /* Post.swift in Sources */ = {isa = PBXBuildFile; fileRef = A52C3AF62590201A00AC5E8F /* Post.swift */; };
		A52C3AFA259020A700AC5E8F /* HomeService.swift in Sources */ = {isa = PBXBuildFile; fileRef = A52C3AF9259020A700AC5E8F /* HomeService.swift */; };
		A52C3AFD2590220E00AC5E8F /* ServiceProtocol.swift in Sources */ = {isa = PBXBuildFile; fileRef = A52C3AFC2590220E00AC5E8F /* ServiceProtocol.swift */; };
		A52C3B002590225E00AC5E8F /* Networking.swift in Sources */ = {isa = PBXBuildFile; fileRef = A52C3AFF2590225E00AC5E8F /* Networking.swift */; };
		A52C3B03259024DD00AC5E8F /* NetworkingProtocol.swift in Sources */ = {isa = PBXBuildFile; fileRef = A52C3B02259024DD00AC5E8F /* NetworkingProtocol.swift */; };
		A52C3B06259024EB00AC5E8F /* NetworkingError.swift in Sources */ = {isa = PBXBuildFile; fileRef = A52C3B05259024EB00AC5E8F /* NetworkingError.swift */; };
		A52C3B092590267900AC5E8F /* HomeServiceProtocol.swift in Sources */ = {isa = PBXBuildFile; fileRef = A52C3B082590267900AC5E8F /* HomeServiceProtocol.swift */; };
		A52C3B0C2590268800AC5E8F /* HomeServiceErrors.swift in Sources */ = {isa = PBXBuildFile; fileRef = A52C3B0B2590268800AC5E8F /* HomeServiceErrors.swift */; };
		A52C3B13259027EF00AC5E8F /* PostTableViewCell.swift in Sources */ = {isa = PBXBuildFile; fileRef = A52C3B11259027EF00AC5E8F /* PostTableViewCell.swift */; };
		A52C3B14259027EF00AC5E8F /* PostTableViewCell.xib in Resources */ = {isa = PBXBuildFile; fileRef = A52C3B12259027EF00AC5E8F /* PostTableViewCell.xib */; };
		A52C3B172590294D00AC5E8F /* PostCellViewModel.swift in Sources */ = {isa = PBXBuildFile; fileRef = A52C3B162590294D00AC5E8F /* PostCellViewModel.swift */; };
		A52C3B2025902EC800AC5E8F /* CreatePostViewController.swift in Sources */ = {isa = PBXBuildFile; fileRef = A52C3B1E25902EC800AC5E8F /* CreatePostViewController.swift */; };
		A52C3B2125902EC800AC5E8F /* CreatePostViewController.xib in Resources */ = {isa = PBXBuildFile; fileRef = A52C3B1F25902EC800AC5E8F /* CreatePostViewController.xib */; };
		A52C3B2525902FC500AC5E8F /* RouterProtocol.swift in Sources */ = {isa = PBXBuildFile; fileRef = A52C3B2425902FC500AC5E8F /* RouterProtocol.swift */; };
		A52C3B282590578F00AC5E8F /* ViewModelStatus.swift in Sources */ = {isa = PBXBuildFile; fileRef = A52C3B272590578F00AC5E8F /* ViewModelStatus.swift */; };
		A52C3B2B259059FA00AC5E8F /* CreatePostViewModel.swift in Sources */ = {isa = PBXBuildFile; fileRef = A52C3B2A259059FA00AC5E8F /* CreatePostViewModel.swift */; };
		A52C3B2E25905A5D00AC5E8F /* CreatePostViewModelProtocol.swift in Sources */ = {isa = PBXBuildFile; fileRef = A52C3B2D25905A5D00AC5E8F /* CreatePostViewModelProtocol.swift */; };
		A52C3B32259062C800AC5E8F /* PostCreated.swift in Sources */ = {isa = PBXBuildFile; fileRef = A52C3B31259062C800AC5E8F /* PostCreated.swift */; };
		A52C3B3725906E2C00AC5E8F /* Dates.swift in Sources */ = {isa = PBXBuildFile; fileRef = A52C3B3625906E2C00AC5E8F /* Dates.swift */; };
		A574BEA6259017140007A880 /* HomeRouter.swift in Sources */ = {isa = PBXBuildFile; fileRef = A574BEA5259017140007A880 /* HomeRouter.swift */; };
/* End PBXBuildFile section */

/* Begin PBXFileReference section */
		A52A48662590161F0043931E /* GorillaTest.app */ = {isa = PBXFileReference; explicitFileType = wrapper.application; includeInIndex = 0; path = GorillaTest.app; sourceTree = BUILT_PRODUCTS_DIR; };
		A52A48692590161F0043931E /* AppDelegate.swift */ = {isa = PBXFileReference; lastKnownFileType = sourcecode.swift; path = AppDelegate.swift; sourceTree = "<group>"; };
		A52A4872259016210043931E /* Assets.xcassets */ = {isa = PBXFileReference; lastKnownFileType = folder.assetcatalog; path = Assets.xcassets; sourceTree = "<group>"; };
		A52A4875259016210043931E /* Base */ = {isa = PBXFileReference; lastKnownFileType = file.storyboard; name = Base; path = Base.lproj/LaunchScreen.storyboard; sourceTree = "<group>"; };
		A52A4877259016210043931E /* Info.plist */ = {isa = PBXFileReference; lastKnownFileType = text.plist.xml; path = Info.plist; sourceTree = "<group>"; };
		A52C3AC32590176700AC5E8F /* HomeViewController.swift */ = {isa = PBXFileReference; lastKnownFileType = sourcecode.swift; path = HomeViewController.swift; sourceTree = "<group>"; };
		A52C3AC42590176700AC5E8F /* HomeViewController.xib */ = {isa = PBXFileReference; lastKnownFileType = file.xib; path = HomeViewController.xib; sourceTree = "<group>"; };
		A52C3AC82590177A00AC5E8F /* BaseViewController.swift */ = {isa = PBXFileReference; lastKnownFileType = sourcecode.swift; path = BaseViewController.swift; sourceTree = "<group>"; };
		A52C3ACD259017F600AC5E8F /* GNavigationController.swift */ = {isa = PBXFileReference; lastKnownFileType = sourcecode.swift; path = GNavigationController.swift; sourceTree = "<group>"; };
		A52C3AD2259018C300AC5E8F /* AppColors.swift */ = {isa = PBXFileReference; lastKnownFileType = sourcecode.swift; path = AppColors.swift; sourceTree = "<group>"; };
		A52C3ADB25901D7700AC5E8F /* CellProtocol.swift */ = {isa = PBXFileReference; lastKnownFileType = sourcecode.swift; path = CellProtocol.swift; sourceTree = "<group>"; };
		A52C3ADE25901D8700AC5E8F /* CellViewModelProtocol.swift */ = {isa = PBXFileReference; lastKnownFileType = sourcecode.swift; path = CellViewModelProtocol.swift; sourceTree = "<group>"; };
		A52C3AE125901D9700AC5E8F /* TableViewDataSource.swift */ = {isa = PBXFileReference; lastKnownFileType = sourcecode.swift; path = TableViewDataSource.swift; sourceTree = "<group>"; };
		A52C3AE425901DA800AC5E8F /* TableViewAdapterProtocol.swift */ = {isa = PBXFileReference; lastKnownFileType = sourcecode.swift; path = TableViewAdapterProtocol.swift; sourceTree = "<group>"; };
		A52C3AE725901DBC00AC5E8F /* TableViewAdapter.swift */ = {isa = PBXFileReference; lastKnownFileType = sourcecode.swift; path = TableViewAdapter.swift; sourceTree = "<group>"; };
		A52C3AEB25901DDA00AC5E8F /* HomeViewModelProtocol.swift */ = {isa = PBXFileReference; lastKnownFileType = sourcecode.swift; path = HomeViewModelProtocol.swift; sourceTree = "<group>"; };
		A52C3AEE25901E7300AC5E8F /* HomeViewModel.swift */ = {isa = PBXFileReference; lastKnownFileType = sourcecode.swift; path = HomeViewModel.swift; sourceTree = "<group>"; };
		A52C3AF225901F2900AC5E8F /* Dialogs.swift */ = {isa = PBXFileReference; lastKnownFileType = sourcecode.swift; path = Dialogs.swift; sourceTree = "<group>"; };
		A52C3AF62590201A00AC5E8F /* Post.swift */ = {isa = PBXFileReference; lastKnownFileType = sourcecode.swift; path = Post.swift; sourceTree = "<group>"; };
		A52C3AF9259020A700AC5E8F /* HomeService.swift */ = {isa = PBXFileReference; lastKnownFileType = sourcecode.swift; path = HomeService.swift; sourceTree = "<group>"; };
		A52C3AFC2590220E00AC5E8F /* ServiceProtocol.swift */ = {isa = PBXFileReference; lastKnownFileType = sourcecode.swift; path = ServiceProtocol.swift; sourceTree = "<group>"; };
		A52C3AFF2590225E00AC5E8F /* Networking.swift */ = {isa = PBXFileReference; lastKnownFileType = sourcecode.swift; path = Networking.swift; sourceTree = "<group>"; };
		A52C3B02259024DD00AC5E8F /* NetworkingProtocol.swift */ = {isa = PBXFileReference; lastKnownFileType = sourcecode.swift; path = NetworkingProtocol.swift; sourceTree = "<group>"; };
		A52C3B05259024EB00AC5E8F /* NetworkingError.swift */ = {isa = PBXFileReference; lastKnownFileType = sourcecode.swift; path = NetworkingError.swift; sourceTree = "<group>"; };
		A52C3B082590267900AC5E8F /* HomeServiceProtocol.swift */ = {isa = PBXFileReference; lastKnownFileType = sourcecode.swift; path = HomeServiceProtocol.swift; sourceTree = "<group>"; };
		A52C3B0B2590268800AC5E8F /* HomeServiceErrors.swift */ = {isa = PBXFileReference; lastKnownFileType = sourcecode.swift; path = HomeServiceErrors.swift; sourceTree = "<group>"; };
		A52C3B11259027EF00AC5E8F /* PostTableViewCell.swift */ = {isa = PBXFileReference; lastKnownFileType = sourcecode.swift; path = PostTableViewCell.swift; sourceTree = "<group>"; };
		A52C3B12259027EF00AC5E8F /* PostTableViewCell.xib */ = {isa = PBXFileReference; lastKnownFileType = file.xib; path = PostTableViewCell.xib; sourceTree = "<group>"; };
		A52C3B162590294D00AC5E8F /* PostCellViewModel.swift */ = {isa = PBXFileReference; lastKnownFileType = sourcecode.swift; path = PostCellViewModel.swift; sourceTree = "<group>"; };
		A52C3B1E25902EC800AC5E8F /* CreatePostViewController.swift */ = {isa = PBXFileReference; lastKnownFileType = sourcecode.swift; path = CreatePostViewController.swift; sourceTree = "<group>"; };
		A52C3B1F25902EC800AC5E8F /* CreatePostViewController.xib */ = {isa = PBXFileReference; lastKnownFileType = file.xib; path = CreatePostViewController.xib; sourceTree = "<group>"; };
		A52C3B2425902FC500AC5E8F /* RouterProtocol.swift */ = {isa = PBXFileReference; lastKnownFileType = sourcecode.swift; path = RouterProtocol.swift; sourceTree = "<group>"; };
		A52C3B272590578F00AC5E8F /* ViewModelStatus.swift */ = {isa = PBXFileReference; lastKnownFileType = sourcecode.swift; path = ViewModelStatus.swift; sourceTree = "<group>"; };
		A52C3B2A259059FA00AC5E8F /* CreatePostViewModel.swift */ = {isa = PBXFileReference; lastKnownFileType = sourcecode.swift; path = CreatePostViewModel.swift; sourceTree = "<group>"; };
		A52C3B2D25905A5D00AC5E8F /* CreatePostViewModelProtocol.swift */ = {isa = PBXFileReference; lastKnownFileType = sourcecode.swift; path = CreatePostViewModelProtocol.swift; sourceTree = "<group>"; };
		A52C3B31259062C800AC5E8F /* PostCreated.swift */ = {isa = PBXFileReference; lastKnownFileType = sourcecode.swift; path = PostCreated.swift; sourceTree = "<group>"; };
		A52C3B3625906E2C00AC5E8F /* Dates.swift */ = {isa = PBXFileReference; lastKnownFileType = sourcecode.swift; path = Dates.swift; sourceTree = "<group>"; };
		A574BEA5259017140007A880 /* HomeRouter.swift */ = {isa = PBXFileReference; lastKnownFileType = sourcecode.swift; path = HomeRouter.swift; sourceTree = "<group>"; };
/* End PBXFileReference section */

/* Begin PBXFrameworksBuildPhase section */
		A52A48632590161F0043931E /* Frameworks */ = {
			isa = PBXFrameworksBuildPhase;
			buildActionMask = 2147483647;
			files = (
			);
			runOnlyForDeploymentPostprocessing = 0;
		};
/* End PBXFrameworksBuildPhase section */

/* Begin PBXGroup section */
		A52A485D2590161F0043931E = {
			isa = PBXGroup;
			children = (
				A52A4872259016210043931E /* Assets.xcassets */,
				A52A4874259016210043931E /* LaunchScreen.storyboard */,
				A52C3ACB2590179F00AC5E8F /* Networking */,
				A574BEA8259017220007A880 /* Common */,
				A574BEA4259017070007A880 /* Routers */,
				A52A4880259016A40043931E /* Config */,
				A52A4881259016B30043931E /* Modules */,
				A52A48672590161F0043931E /* Products */,
			);
			sourceTree = "<group>";
		};
		A52A48672590161F0043931E /* Products */ = {
			isa = PBXGroup;
			children = (
				A52A48662590161F0043931E /* GorillaTest.app */,
			);
			name = Products;
			sourceTree = "<group>";
		};
		A52A4880259016A40043931E /* Config */ = {
			isa = PBXGroup;
			children = (
				A52A48692590161F0043931E /* AppDelegate.swift */,
				A52A4877259016210043931E /* Info.plist */,
			);
			path = Config;
			sourceTree = "<group>";
		};
		A52A4881259016B30043931E /* Modules */ = {
			isa = PBXGroup;
			children = (
				A574BEA0259016E30007A880 /* CreatePost */,
				A574BE9F259016DF0007A880 /* Home */,
			);
			path = Modules;
			sourceTree = "<group>";
		};
		A52C3AC22590175A00AC5E8F /* Service */ = {
			isa = PBXGroup;
			children = (
				A52C3AF9259020A700AC5E8F /* HomeService.swift */,
				A52C3B082590267900AC5E8F /* HomeServiceProtocol.swift */,
				A52C3B0B2590268800AC5E8F /* HomeServiceErrors.swift */,
			);
			path = Service;
			sourceTree = "<group>";
		};
		A52C3ACB2590179F00AC5E8F /* Networking */ = {
			isa = PBXGroup;
			children = (
				A52C3AFC2590220E00AC5E8F /* ServiceProtocol.swift */,
				A52C3AFF2590225E00AC5E8F /* Networking.swift */,
				A52C3B02259024DD00AC5E8F /* NetworkingProtocol.swift */,
				A52C3B05259024EB00AC5E8F /* NetworkingError.swift */,
			);
			path = Networking;
			sourceTree = "<group>";
		};
		A52C3ACC259017E700AC5E8F /* Views */ = {
			isa = PBXGroup;
			children = (
				A52C3ACD259017F600AC5E8F /* GNavigationController.swift */,
			);
			path = Views;
			sourceTree = "<group>";
		};
		A52C3AD1259018BA00AC5E8F /* Colors */ = {
			isa = PBXGroup;
			children = (
				A52C3AD2259018C300AC5E8F /* AppColors.swift */,
			);
			path = Colors;
			sourceTree = "<group>";
		};
		A52C3AD725901A6400AC5E8F /* Models */ = {
			isa = PBXGroup;
			children = (
				A52C3AF62590201A00AC5E8F /* Post.swift */,
			);
			path = Models;
			sourceTree = "<group>";
		};
		A52C3AD925901C1100AC5E8F /* TableViews */ = {
			isa = PBXGroup;
			children = (
				A52C3AE725901DBC00AC5E8F /* TableViewAdapter.swift */,
			);
			path = TableViews;
			sourceTree = "<group>";
		};
		A52C3AF125901F1C00AC5E8F /* Utils */ = {
			isa = PBXGroup;
			children = (
				A52C3AF225901F2900AC5E8F /* Dialogs.swift */,
				A52C3B3625906E2C00AC5E8F /* Dates.swift */,
			);
			path = Utils;
			sourceTree = "<group>";
		};
		A52C3B0F259027D800AC5E8F /* Cells */ = {
			isa = PBXGroup;
			children = (
				A52C3B10259027DC00AC5E8F /* PostCell */,
			);
			path = Cells;
			sourceTree = "<group>";
		};
		A52C3B10259027DC00AC5E8F /* PostCell */ = {
			isa = PBXGroup;
			children = (
				A52C3B11259027EF00AC5E8F /* PostTableViewCell.swift */,
				A52C3B12259027EF00AC5E8F /* PostTableViewCell.xib */,
				A52C3B162590294D00AC5E8F /* PostCellViewModel.swift */,
			);
			path = PostCell;
			sourceTree = "<group>";
		};
		A52C3B1B25902E9B00AC5E8F /* View */ = {
			isa = PBXGroup;
			children = (
				A52C3B1E25902EC800AC5E8F /* CreatePostViewController.swift */,
				A52C3B1F25902EC800AC5E8F /* CreatePostViewController.xib */,
			);
			path = View;
			sourceTree = "<group>";
		};
		A52C3B1D25902EB100AC5E8F /* ViewModel */ = {
			isa = PBXGroup;
			children = (
				A52C3B2A259059FA00AC5E8F /* CreatePostViewModel.swift */,
				A52C3B2D25905A5D00AC5E8F /* CreatePostViewModelProtocol.swift */,
			);
			path = ViewModel;
			sourceTree = "<group>";
		};
		A52C3B30259062BE00AC5E8F /* Model */ = {
			isa = PBXGroup;
			children = (
				A52C3B31259062C800AC5E8F /* PostCreated.swift */,
			);
			path = Model;
			sourceTree = "<group>";
		};
		A574BE9F259016DF0007A880 /* Home */ = {
			isa = PBXGroup;
			children = (
				A52C3B0F259027D800AC5E8F /* Cells */,
				A52C3AD725901A6400AC5E8F /* Models */,
				A52C3AC22590175A00AC5E8F /* Service */,
				A574BEA3259017010007A880 /* ViewModel */,
				A574BEA2259016FC0007A880 /* View */,
			);
			path = Home;
			sourceTree = "<group>";
		};
		A574BEA0259016E30007A880 /* CreatePost */ = {
			isa = PBXGroup;
			children = (
				A52C3B30259062BE00AC5E8F /* Model */,
				A52C3B1D25902EB100AC5E8F /* ViewModel */,
				A52C3B1B25902E9B00AC5E8F /* View */,
			);
			path = CreatePost;
			sourceTree = "<group>";
		};
		A574BEA2259016FC0007A880 /* View */ = {
			isa = PBXGroup;
			children = (
				A52C3AC32590176700AC5E8F /* HomeViewController.swift */,
				A52C3AC42590176700AC5E8F /* HomeViewController.xib */,
			);
			path = View;
			sourceTree = "<group>";
		};
		A574BEA3259017010007A880 /* ViewModel */ = {
			isa = PBXGroup;
			children = (
				A52C3AEB25901DDA00AC5E8F /* HomeViewModelProtocol.swift */,
				A52C3AEE25901E7300AC5E8F /* HomeViewModel.swift */,
			);
			path = ViewModel;
			sourceTree = "<group>";
		};
		A574BEA4259017070007A880 /* Routers */ = {
			isa = PBXGroup;
			children = (
				A574BEA5259017140007A880 /* HomeRouter.swift */,
				A52C3B2425902FC500AC5E8F /* RouterProtocol.swift */,
			);
			path = Routers;
			sourceTree = "<group>";
		};
		A574BEA8259017220007A880 /* Common */ = {
			isa = PBXGroup;
			children = (
				A52C3AF125901F1C00AC5E8F /* Utils */,
				A52C3AD925901C1100AC5E8F /* TableViews */,
				A52C3AD1259018BA00AC5E8F /* Colors */,
				A52C3ACC259017E700AC5E8F /* Views */,
				A574BEAA259017350007A880 /* Bases */,
				A574BEA9259017300007A880 /* Protocols */,
			);
			path = Common;
			sourceTree = "<group>";
		};
		A574BEA9259017300007A880 /* Protocols */ = {
			isa = PBXGroup;
			children = (
				A52C3AE425901DA800AC5E8F /* TableViewAdapterProtocol.swift */,
				A52C3ADB25901D7700AC5E8F /* CellProtocol.swift */,
				A52C3ADE25901D8700AC5E8F /* CellViewModelProtocol.swift */,
				A52C3AE125901D9700AC5E8F /* TableViewDataSource.swift */,
			);
			path = Protocols;
			sourceTree = "<group>";
		};
		A574BEAA259017350007A880 /* Bases */ = {
			isa = PBXGroup;
			children = (
				A52C3AC82590177A00AC5E8F /* BaseViewController.swift */,
				A52C3B272590578F00AC5E8F /* ViewModelStatus.swift */,
			);
			path = Bases;
			sourceTree = "<group>";
		};
/* End PBXGroup section */

/* Begin PBXNativeTarget section */
		A52A48652590161F0043931E /* GorillaTest */ = {
			isa = PBXNativeTarget;
			buildConfigurationList = A52A487A259016210043931E /* Build configuration list for PBXNativeTarget "GorillaTest" */;
			buildPhases = (
				A52A48622590161F0043931E /* Sources */,
				A52A48632590161F0043931E /* Frameworks */,
				A52A48642590161F0043931E /* Resources */,
			);
			buildRules = (
			);
			dependencies = (
			);
			name = GorillaTest;
			productName = GorillaTest;
			productReference = A52A48662590161F0043931E /* GorillaTest.app */;
			productType = "com.apple.product-type.application";
		};
/* End PBXNativeTarget section */

/* Begin PBXProject section */
		A52A485E2590161F0043931E /* Project object */ = {
			isa = PBXProject;
			attributes = {
				LastSwiftUpdateCheck = 1220;
				LastUpgradeCheck = 1220;
				TargetAttributes = {
					A52A48652590161F0043931E = {
						CreatedOnToolsVersion = 12.2;
					};
				};
			};
			buildConfigurationList = A52A48612590161F0043931E /* Build configuration list for PBXProject "GorillaTest" */;
			compatibilityVersion = "Xcode 9.3";
			developmentRegion = en;
			hasScannedForEncodings = 0;
			knownRegions = (
				en,
				Base,
			);
			mainGroup = A52A485D2590161F0043931E;
			productRefGroup = A52A48672590161F0043931E /* Products */;
			projectDirPath = "";
			projectRoot = "";
			targets = (
				A52A48652590161F0043931E /* GorillaTest */,
			);
		};
/* End PBXProject section */

/* Begin PBXResourcesBuildPhase section */
		A52A48642590161F0043931E /* Resources */ = {
			isa = PBXResourcesBuildPhase;
			buildActionMask = 2147483647;
			files = (
				A52A4876259016210043931E /* LaunchScreen.storyboard in Resources */,
				A52C3B2125902EC800AC5E8F /* CreatePostViewController.xib in Resources */,
				A52A4873259016210043931E /* Assets.xcassets in Resources */,
				A52C3AC62590176700AC5E8F /* HomeViewController.xib in Resources */,
				A52C3B14259027EF00AC5E8F /* PostTableViewCell.xib in Resources */,
			);
			runOnlyForDeploymentPostprocessing = 0;
		};
/* End PBXResourcesBuildPhase section */

/* Begin PBXSourcesBuildPhase section */
		A52A48622590161F0043931E /* Sources */ = {
			isa = PBXSourcesBuildPhase;
			buildActionMask = 2147483647;
			files = (
				A52C3B2E25905A5D00AC5E8F /* CreatePostViewModelProtocol.swift in Sources */,
				A52C3B2025902EC800AC5E8F /* CreatePostViewController.swift in Sources */,
				A52C3AE225901D9700AC5E8F /* TableViewDataSource.swift in Sources */,
				A52C3AFD2590220E00AC5E8F /* ServiceProtocol.swift in Sources */,
				A52C3AF325901F2900AC5E8F /* Dialogs.swift in Sources */,
				A52C3B03259024DD00AC5E8F /* NetworkingProtocol.swift in Sources */,
				A52C3B32259062C800AC5E8F /* PostCreated.swift in Sources */,
				A52C3B002590225E00AC5E8F /* Networking.swift in Sources */,
				A52C3ACE259017F600AC5E8F /* GNavigationController.swift in Sources */,
				A52C3B092590267900AC5E8F /* HomeServiceProtocol.swift in Sources */,
				A52C3B2525902FC500AC5E8F /* RouterProtocol.swift in Sources */,
				A52C3B3725906E2C00AC5E8F /* Dates.swift in Sources */,
				A52A486A2590161F0043931E /* AppDelegate.swift in Sources */,
				A52C3AE825901DBC00AC5E8F /* TableViewAdapter.swift in Sources */,
				A52C3B0C2590268800AC5E8F /* HomeServiceErrors.swift in Sources */,
				A52C3AC92590177A00AC5E8F /* BaseViewController.swift in Sources */,
				A52C3AFA259020A700AC5E8F /* HomeService.swift in Sources */,
				A52C3B282590578F00AC5E8F /* ViewModelStatus.swift in Sources */,
				A52C3ADC25901D7700AC5E8F /* CellProtocol.swift in Sources */,
				A52C3AE525901DA800AC5E8F /* TableViewAdapterProtocol.swift in Sources */,
				A52C3B13259027EF00AC5E8F /* PostTableViewCell.swift in Sources */,
				A52C3B2B259059FA00AC5E8F /* CreatePostViewModel.swift in Sources */,
				A52C3ADF25901D8700AC5E8F /* CellViewModelProtocol.swift in Sources */,
				A52C3AF72590201A00AC5E8F /* Post.swift in Sources */,
				A52C3B06259024EB00AC5E8F /* NetworkingError.swift in Sources */,
				A52C3AEF25901E7300AC5E8F /* HomeViewModel.swift in Sources */,
				A52C3AD3259018C300AC5E8F /* AppColors.swift in Sources */,
				A52C3B172590294D00AC5E8F /* PostCellViewModel.swift in Sources */,
				A52C3AEC25901DDA00AC5E8F /* HomeViewModelProtocol.swift in Sources */,
				A574BEA6259017140007A880 /* HomeRouter.swift in Sources */,
				A52C3AC52590176700AC5E8F /* HomeViewController.swift in Sources */,
			);
			runOnlyForDeploymentPostprocessing = 0;
		};
/* End PBXSourcesBuildPhase section */

/* Begin PBXVariantGroup section */
		A52A4874259016210043931E /* LaunchScreen.storyboard */ = {
			isa = PBXVariantGroup;
			children = (
				A52A4875259016210043931E /* Base */,
			);
			name = LaunchScreen.storyboard;
			sourceTree = "<group>";
		};
/* End PBXVariantGroup section */

/* Begin XCBuildConfiguration section */
		A52A4878259016210043931E /* Debug */ = {
			isa = XCBuildConfiguration;
			buildSettings = {
				ALWAYS_SEARCH_USER_PATHS = NO;
				CLANG_ANALYZER_NONNULL = YES;
				CLANG_ANALYZER_NUMBER_OBJECT_CONVERSION = YES_AGGRESSIVE;
				CLANG_CXX_LANGUAGE_STANDARD = "gnu++14";
				CLANG_CXX_LIBRARY = "libc++";
				CLANG_ENABLE_MODULES = YES;
				CLANG_ENABLE_OBJC_ARC = YES;
				CLANG_ENABLE_OBJC_WEAK = YES;
				CLANG_WARN_BLOCK_CAPTURE_AUTORELEASING = YES;
				CLANG_WARN_BOOL_CONVERSION = YES;
				CLANG_WARN_COMMA = YES;
				CLANG_WARN_CONSTANT_CONVERSION = YES;
				CLANG_WARN_DEPRECATED_OBJC_IMPLEMENTATIONS = YES;
				CLANG_WARN_DIRECT_OBJC_ISA_USAGE = YES_ERROR;
				CLANG_WARN_DOCUMENTATION_COMMENTS = YES;
				CLANG_WARN_EMPTY_BODY = YES;
				CLANG_WARN_ENUM_CONVERSION = YES;
				CLANG_WARN_INFINITE_RECURSION = YES;
				CLANG_WARN_INT_CONVERSION = YES;
				CLANG_WARN_NON_LITERAL_NULL_CONVERSION = YES;
				CLANG_WARN_OBJC_IMPLICIT_RETAIN_SELF = YES;
				CLANG_WARN_OBJC_LITERAL_CONVERSION = YES;
				CLANG_WARN_OBJC_ROOT_CLASS = YES_ERROR;
				CLANG_WARN_QUOTED_INCLUDE_IN_FRAMEWORK_HEADER = YES;
				CLANG_WARN_RANGE_LOOP_ANALYSIS = YES;
				CLANG_WARN_STRICT_PROTOTYPES = YES;
				CLANG_WARN_SUSPICIOUS_MOVE = YES;
				CLANG_WARN_UNGUARDED_AVAILABILITY = YES_AGGRESSIVE;
				CLANG_WARN_UNREACHABLE_CODE = YES;
				CLANG_WARN__DUPLICATE_METHOD_MATCH = YES;
				COPY_PHASE_STRIP = NO;
				DEBUG_INFORMATION_FORMAT = dwarf;
				ENABLE_STRICT_OBJC_MSGSEND = YES;
				ENABLE_TESTABILITY = YES;
				GCC_C_LANGUAGE_STANDARD = gnu11;
				GCC_DYNAMIC_NO_PIC = NO;
				GCC_NO_COMMON_BLOCKS = YES;
				GCC_OPTIMIZATION_LEVEL = 0;
				GCC_PREPROCESSOR_DEFINITIONS = (
					"DEBUG=1",
					"$(inherited)",
				);
				GCC_WARN_64_TO_32_BIT_CONVERSION = YES;
				GCC_WARN_ABOUT_RETURN_TYPE = YES_ERROR;
				GCC_WARN_UNDECLARED_SELECTOR = YES;
				GCC_WARN_UNINITIALIZED_AUTOS = YES_AGGRESSIVE;
				GCC_WARN_UNUSED_FUNCTION = YES;
				GCC_WARN_UNUSED_VARIABLE = YES;
				IPHONEOS_DEPLOYMENT_TARGET = 14.2;
				MTL_ENABLE_DEBUG_INFO = INCLUDE_SOURCE;
				MTL_FAST_MATH = YES;
				ONLY_ACTIVE_ARCH = YES;
				SDKROOT = iphoneos;
				SWIFT_ACTIVE_COMPILATION_CONDITIONS = DEBUG;
				SWIFT_OPTIMIZATION_LEVEL = "-Onone";
			};
			name = Debug;
		};
		A52A4879259016210043931E /* Release */ = {
			isa = XCBuildConfiguration;
			buildSettings = {
				ALWAYS_SEARCH_USER_PATHS = NO;
				CLANG_ANALYZER_NONNULL = YES;
				CLANG_ANALYZER_NUMBER_OBJECT_CONVERSION = YES_AGGRESSIVE;
				CLANG_CXX_LANGUAGE_STANDARD = "gnu++14";
				CLANG_CXX_LIBRARY = "libc++";
				CLANG_ENABLE_MODULES = YES;
				CLANG_ENABLE_OBJC_ARC = YES;
				CLANG_ENABLE_OBJC_WEAK = YES;
				CLANG_WARN_BLOCK_CAPTURE_AUTORELEASING = YES;
				CLANG_WARN_BOOL_CONVERSION = YES;
				CLANG_WARN_COMMA = YES;
				CLANG_WARN_CONSTANT_CONVERSION = YES;
				CLANG_WARN_DEPRECATED_OBJC_IMPLEMENTATIONS = YES;
				CLANG_WARN_DIRECT_OBJC_ISA_USAGE = YES_ERROR;
				CLANG_WARN_DOCUMENTATION_COMMENTS = YES;
				CLANG_WARN_EMPTY_BODY = YES;
				CLANG_WARN_ENUM_CONVERSION = YES;
				CLANG_WARN_INFINITE_RECURSION = YES;
				CLANG_WARN_INT_CONVERSION = YES;
				CLANG_WARN_NON_LITERAL_NULL_CONVERSION = YES;
				CLANG_WARN_OBJC_IMPLICIT_RETAIN_SELF = YES;
				CLANG_WARN_OBJC_LITERAL_CONVERSION = YES;
				CLANG_WARN_OBJC_ROOT_CLASS = YES_ERROR;
				CLANG_WARN_QUOTED_INCLUDE_IN_FRAMEWORK_HEADER = YES;
				CLANG_WARN_RANGE_LOOP_ANALYSIS = YES;
				CLANG_WARN_STRICT_PROTOTYPES = YES;
				CLANG_WARN_SUSPICIOUS_MOVE = YES;
				CLANG_WARN_UNGUARDED_AVAILABILITY = YES_AGGRESSIVE;
				CLANG_WARN_UNREACHABLE_CODE = YES;
				CLANG_WARN__DUPLICATE_METHOD_MATCH = YES;
				COPY_PHASE_STRIP = NO;
				DEBUG_INFORMATION_FORMAT = "dwarf-with-dsym";
				ENABLE_NS_ASSERTIONS = NO;
				ENABLE_STRICT_OBJC_MSGSEND = YES;
				GCC_C_LANGUAGE_STANDARD = gnu11;
				GCC_NO_COMMON_BLOCKS = YES;
				GCC_WARN_64_TO_32_BIT_CONVERSION = YES;
				GCC_WARN_ABOUT_RETURN_TYPE = YES_ERROR;
				GCC_WARN_UNDECLARED_SELECTOR = YES;
				GCC_WARN_UNINITIALIZED_AUTOS = YES_AGGRESSIVE;
				GCC_WARN_UNUSED_FUNCTION = YES;
				GCC_WARN_UNUSED_VARIABLE = YES;
				IPHONEOS_DEPLOYMENT_TARGET = 14.2;
				MTL_ENABLE_DEBUG_INFO = NO;
				MTL_FAST_MATH = YES;
				SDKROOT = iphoneos;
				SWIFT_COMPILATION_MODE = wholemodule;
				SWIFT_OPTIMIZATION_LEVEL = "-O";
				VALIDATE_PRODUCT = YES;
			};
			name = Release;
		};
		A52A487B259016210043931E /* Debug */ = {
			isa = XCBuildConfiguration;
			buildSettings = {
				ASSETCATALOG_COMPILER_APPICON_NAME = AppIcon;
				ASSETCATALOG_COMPILER_GLOBAL_ACCENT_COLOR_NAME = AccentColor;
				CODE_SIGN_STYLE = Automatic;
				INFOPLIST_FILE = "$(SRCROOT)/Config/Info.plist";
				IPHONEOS_DEPLOYMENT_TARGET = 12.4;
				LD_RUNPATH_SEARCH_PATHS = (
					"$(inherited)",
					"@executable_path/Frameworks",
				);
				PRODUCT_BUNDLE_IDENTIFIER = com.mejiagarcia.GorillaTest;
				PRODUCT_NAME = "$(TARGET_NAME)";
				SWIFT_VERSION = 5.0;
				TARGETED_DEVICE_FAMILY = "1,2";
			};
			name = Debug;
		};
		A52A487C259016210043931E /* Release */ = {
			isa = XCBuildConfiguration;
			buildSettings = {
				ASSETCATALOG_COMPILER_APPICON_NAME = AppIcon;
				ASSETCATALOG_COMPILER_GLOBAL_ACCENT_COLOR_NAME = AccentColor;
				CODE_SIGN_STYLE = Automatic;
				INFOPLIST_FILE = "$(SRCROOT)/Config/Info.plist";
				IPHONEOS_DEPLOYMENT_TARGET = 12.4;
				LD_RUNPATH_SEARCH_PATHS = (
					"$(inherited)",
					"@executable_path/Frameworks",
				);
				PRODUCT_BUNDLE_IDENTIFIER = com.mejiagarcia.GorillaTest;
				PRODUCT_NAME = "$(TARGET_NAME)";
				SWIFT_VERSION = 5.0;
				TARGETED_DEVICE_FAMILY = "1,2";
			};
			name = Release;
		};
/* End XCBuildConfiguration section */

/* Begin XCConfigurationList section */
		A52A48612590161F0043931E /* Build configuration list for PBXProject "GorillaTest" */ = {
			isa = XCConfigurationList;
			buildConfigurations = (
				A52A4878259016210043931E /* Debug */,
				A52A4879259016210043931E /* Release */,
			);
			defaultConfigurationIsVisible = 0;
			defaultConfigurationName = Release;
		};
		A52A487A259016210043931E /* Build configuration list for PBXNativeTarget "GorillaTest" */ = {
			isa = XCConfigurationList;
			buildConfigurations = (
				A52A487B259016210043931E /* Debug */,
				A52A487C259016210043931E /* Release */,
			);
			defaultConfigurationIsVisible = 0;
			defaultConfigurationName = Release;
		};
/* End XCConfigurationList section */
	};
	rootObject = A52A485E2590161F0043931E /* Project object */;
}
